
Microsoft Visual Studio Solution File, Format Version 12.00
# Visual Studio 14
VisualStudioVersion = 14.0.25123.0
MinimumVisualStudioVersion = 10.0.40219.1
Project("{FAE04EC0-301F-11D3-BF4B-00C04F79EFBC}") = "Entities", "Entities\Entities.csproj", "{BEE44876-3FEA-4F94-B107-3B4B9BC61FF6}"
EndProject
Global
	GlobalSection(SolutionConfigurationPlatforms) = preSolution
		Debug|Any CPU = Debug|Any CPU
		Release|Any CPU = Release|Any CPU
	EndGlobalSection
	GlobalSection(ProjectConfigurationPlatforms) = postSolution
		{BEE44876-3FEA-4F94-B107-3B4B9BC61FF6}.Debug|Any CPU.ActiveCfg = Debug|Any CPU
		{BEE44876-3FEA-4F94-B107-3B4B9BC61FF6}.Debug|Any CPU.Build.0 = Debug|Any CPU
		{BEE44876-3FEA-4F94-B107-3B4B9BC61FF6}.Release|Any CPU.ActiveCfg = Release|Any CPU
		{BEE44876-3FEA-4F94-B107-3B4B9BC61FF6}.Release|Any CPU.Build.0 = Release|Any CPU
	EndGlobalSection
	GlobalSection(SolutionProperties) = preSolution
		HideSolutionNode = FALSE
	EndGlobalSection
EndGlobal
